// !$*UTF8*$!
{
	archiveVersion = 1;
	classes = {
	};
	objectVersion = 51;
	objects = {

/* Begin PBXBuildFile section */
		4FD59055F0A53C7D3C0B9FCC /* Pods_hwaheaTests.framework in Frameworks */ = {isa = PBXBuildFile; fileRef = EE1DC5CAFBB11CB96269B7F3 /* Pods_hwaheaTests.framework */; };
		5C2A7F6F23C7316500372C0A /* Navigatable.swift in Sources */ = {isa = PBXBuildFile; fileRef = 5C2A7F6E23C7316500372C0A /* Navigatable.swift */; };
		5C2A7F7123C7319500372C0A /* Transitionable.swift in Sources */ = {isa = PBXBuildFile; fileRef = 5C2A7F7023C7319500372C0A /* Transitionable.swift */; };
		5C2A7F9823C8493D00372C0A /* NetworkService.swift in Sources */ = {isa = PBXBuildFile; fileRef = 5C2A7F9723C8493D00372C0A /* NetworkService.swift */; };
		5C2A7F9A23C849ED00372C0A /* hwaheaRouter.swift in Sources */ = {isa = PBXBuildFile; fileRef = 5C2A7F9923C849ED00372C0A /* hwaheaRouter.swift */; };
		5C2A7F9C23C8551700372C0A /* CategoryHeaderView.swift in Sources */ = {isa = PBXBuildFile; fileRef = 5C2A7F9B23C8551700372C0A /* CategoryHeaderView.swift */; };
		5C2A7F9E23C868B100372C0A /* UIViewController+Alerts.swift in Sources */ = {isa = PBXBuildFile; fileRef = 5C2A7F9D23C868B100372C0A /* UIViewController+Alerts.swift */; };
		5C2A7FA023CC0AD700372C0A /* NetworkDataResponse.swift in Sources */ = {isa = PBXBuildFile; fileRef = 5C2A7F9F23CC0AD700372C0A /* NetworkDataResponse.swift */; };
		5C2A7FA223CC0D2D00372C0A /* Data+Decode.swift in Sources */ = {isa = PBXBuildFile; fileRef = 5C2A7FA123CC0D2D00372C0A /* Data+Decode.swift */; };
		5C2A7FA423CC0D7D00372C0A /* NetworkError.swift in Sources */ = {isa = PBXBuildFile; fileRef = 5C2A7FA323CC0D7D00372C0A /* NetworkError.swift */; };
		5C2A7FA623CC0DFF00372C0A /* ErrorModel.swift in Sources */ = {isa = PBXBuildFile; fileRef = 5C2A7FA523CC0DFF00372C0A /* ErrorModel.swift */; };
		5C2A7FAA23CC2C1300372C0A /* ProductInteractor.swift in Sources */ = {isa = PBXBuildFile; fileRef = 5C2A7FA923CC2C1300372C0A /* ProductInteractor.swift */; };
		5C2A7FAC23CC34AC00372C0A /* ProductsModel.swift in Sources */ = {isa = PBXBuildFile; fileRef = 5C2A7FAB23CC34AC00372C0A /* ProductsModel.swift */; };
		5C7AF97023D6F0CB005B702A /* ProductDetailViewController+TableViewDecorator.swift in Sources */ = {isa = PBXBuildFile; fileRef = 5C7AF96F23D6F0CB005B702A /* ProductDetailViewController+TableViewDecorator.swift */; };
		5C7AF97223D6F80B005B702A /* TableViewDecorator.swift in Sources */ = {isa = PBXBuildFile; fileRef = 5C7AF97123D6F80B005B702A /* TableViewDecorator.swift */; };
		5C7AF97523D6F8FA005B702A /* ProductImageCell.swift in Sources */ = {isa = PBXBuildFile; fileRef = 5C7AF97423D6F8FA005B702A /* ProductImageCell.swift */; };
		5C7AF97723D6F90C005B702A /* ProductImageCellViewModel.swift in Sources */ = {isa = PBXBuildFile; fileRef = 5C7AF97623D6F90C005B702A /* ProductImageCellViewModel.swift */; };
		5C7AF97923D6F946005B702A /* ProductInfoCell.swift in Sources */ = {isa = PBXBuildFile; fileRef = 5C7AF97823D6F946005B702A /* ProductInfoCell.swift */; };
		5C7AF97B23D6F959005B702A /* ProductInfoCellViewModel.swift in Sources */ = {isa = PBXBuildFile; fileRef = 5C7AF97A23D6F959005B702A /* ProductInfoCellViewModel.swift */; };
		5C7AF97D23D6F9F1005B702A /* ProductDescriptionCell.swift in Sources */ = {isa = PBXBuildFile; fileRef = 5C7AF97C23D6F9F1005B702A /* ProductDescriptionCell.swift */; };
		5C7AF97F23D6F9FF005B702A /* ProductDescriptionCellViewModel.swift in Sources */ = {isa = PBXBuildFile; fileRef = 5C7AF97E23D6F9FF005B702A /* ProductDescriptionCellViewModel.swift */; };
		5C7AF98123D6FA08005B702A /* NoticeCell.swift in Sources */ = {isa = PBXBuildFile; fileRef = 5C7AF98023D6FA08005B702A /* NoticeCell.swift */; };
		5C7AF98323D6FA50005B702A /* BaseTableViewCell.swift in Sources */ = {isa = PBXBuildFile; fileRef = 5C7AF98223D6FA50005B702A /* BaseTableViewCell.swift */; };
		5C7AF98523D700AC005B702A /* ProductDetailModel.swift in Sources */ = {isa = PBXBuildFile; fileRef = 5C7AF98423D700AC005B702A /* ProductDetailModel.swift */; };
		5C7AF98723D701A3005B702A /* Product.swift in Sources */ = {isa = PBXBuildFile; fileRef = 5C7AF98623D701A3005B702A /* Product.swift */; };
		5C7AF98B23D8476D005B702A /* UILabel+Additions.swift in Sources */ = {isa = PBXBuildFile; fileRef = 5C7AF98A23D8476D005B702A /* UILabel+Additions.swift */; };
		5C7AF99723D84FC6005B702A /* SF-Pro-Text-Heavy.otf in Resources */ = {isa = PBXBuildFile; fileRef = 5C7AF99323D84FC6005B702A /* SF-Pro-Text-Heavy.otf */; };
		5C7AF99823D84FC6005B702A /* NotoSansCJKkr-Black.otf in Resources */ = {isa = PBXBuildFile; fileRef = 5C7AF99523D84FC6005B702A /* NotoSansCJKkr-Black.otf */; };
		5C7AF99923D84FC6005B702A /* NotoSansCJKkr-Bold.otf in Resources */ = {isa = PBXBuildFile; fileRef = 5C7AF99623D84FC6005B702A /* NotoSansCJKkr-Bold.otf */; };
		5C7AF99B23D92CF5005B702A /* String+Additions.swift in Sources */ = {isa = PBXBuildFile; fileRef = 5C7AF99A23D92CF5005B702A /* String+Additions.swift */; };
		5C9241CF23C4CD940074E54A /* AppDelegate.swift in Sources */ = {isa = PBXBuildFile; fileRef = 5C9241CE23C4CD940074E54A /* AppDelegate.swift */; };
		5C9241D823C4CD960074E54A /* Assets.xcassets in Resources */ = {isa = PBXBuildFile; fileRef = 5C9241D723C4CD960074E54A /* Assets.xcassets */; };
		5C9241DB23C4CD960074E54A /* LaunchScreen.storyboard in Resources */ = {isa = PBXBuildFile; fileRef = 5C9241D923C4CD960074E54A /* LaunchScreen.storyboard */; };
		5C9241E623C4CD960074E54A /* hwaheaTests.swift in Sources */ = {isa = PBXBuildFile; fileRef = 5C9241E523C4CD960074E54A /* hwaheaTests.swift */; };
		5C9241F123C4CD960074E54A /* hwaheaUITests.swift in Sources */ = {isa = PBXBuildFile; fileRef = 5C9241F023C4CD960074E54A /* hwaheaUITests.swift */; };
		5C92420723C4D6CD0074E54A /* Application.swift in Sources */ = {isa = PBXBuildFile; fileRef = 5C92420623C4D6CD0074E54A /* Application.swift */; };
		5C92420923C4D7800074E54A /* Navigator.swift in Sources */ = {isa = PBXBuildFile; fileRef = 5C92420823C4D7800074E54A /* Navigator.swift */; };
		5C92420B23C4D89F0074E54A /* ProductListViewController.swift in Sources */ = {isa = PBXBuildFile; fileRef = 5C92420A23C4D89F0074E54A /* ProductListViewController.swift */; };
		5C92421023C4DDD60074E54A /* BaseViewController.swift in Sources */ = {isa = PBXBuildFile; fileRef = 5C92420F23C4DDD60074E54A /* BaseViewController.swift */; };
		5C92421223C4DF220074E54A /* BaseViewModel.swift in Sources */ = {isa = PBXBuildFile; fileRef = 5C92421123C4DF220074E54A /* BaseViewModel.swift */; };
		5C92421423C4DF5E0074E54A /* ProductListViewModel.swift in Sources */ = {isa = PBXBuildFile; fileRef = 5C92421323C4DF5E0074E54A /* ProductListViewModel.swift */; };
		5C92421723C4E29C0074E54A /* AppRepository.swift in Sources */ = {isa = PBXBuildFile; fileRef = 5C92421623C4E29C0074E54A /* AppRepository.swift */; };
		5C92421B23C4EB8C0074E54A /* BaseNavigationController.swift in Sources */ = {isa = PBXBuildFile; fileRef = 5C92421A23C4EB8C0074E54A /* BaseNavigationController.swift */; };
		5C92421D23C4ED6F0074E54A /* DebugPrint.swift in Sources */ = {isa = PBXBuildFile; fileRef = 5C92421C23C4ED6F0074E54A /* DebugPrint.swift */; };
		5C92422223C60DB60074E54A /* RefreshFooterView.swift in Sources */ = {isa = PBXBuildFile; fileRef = 5C92422123C60DB60074E54A /* RefreshFooterView.swift */; };
		5C92422423C60F230074E54A /* UIView+Additions.swift in Sources */ = {isa = PBXBuildFile; fileRef = 5C92422323C60F230074E54A /* UIView+Additions.swift */; };
		5C92422923C612590074E54A /* ProductCell.swift in Sources */ = {isa = PBXBuildFile; fileRef = 5C92422823C612590074E54A /* ProductCell.swift */; };
		5C92422B23C6129C0074E54A /* BaseCollectionViewCell.swift in Sources */ = {isa = PBXBuildFile; fileRef = 5C92422A23C6129C0074E54A /* BaseCollectionViewCell.swift */; };
		5C92422D23C614540074E54A /* ProductListViewController+CollectionViewDecorator.swift in Sources */ = {isa = PBXBuildFile; fileRef = 5C92422C23C614540074E54A /* ProductListViewController+CollectionViewDecorator.swift */; };
		5CB951A323CC7203004DEA84 /* CollectionViewDecorator.swift in Sources */ = {isa = PBXBuildFile; fileRef = 5CB951A223CC7203004DEA84 /* CollectionViewDecorator.swift */; };
		5CB951A523CC74B5004DEA84 /* ProductCellViewModel.swift in Sources */ = {isa = PBXBuildFile; fileRef = 5CB951A423CC74B5004DEA84 /* ProductCellViewModel.swift */; };
		5CF3E0FB23C56D480041A30D /* ProductDetailViewController.swift in Sources */ = {isa = PBXBuildFile; fileRef = 5CF3E0FA23C56D480041A30D /* ProductDetailViewController.swift */; };
		5CF3E0FD23C56DB80041A30D /* ProductDetailViewModel.swift in Sources */ = {isa = PBXBuildFile; fileRef = 5CF3E0FC23C56DB80041A30D /* ProductDetailViewModel.swift */; };
		5CF3E10123C572A50041A30D /* Font.swift in Sources */ = {isa = PBXBuildFile; fileRef = 5CF3E10023C572A50041A30D /* Font.swift */; };
		5CF3E10323C572B60041A30D /* Color.swift in Sources */ = {isa = PBXBuildFile; fileRef = 5CF3E10223C572B60041A30D /* Color.swift */; };
		5CF3E10623C573490041A30D /* UIColor+Additions.swift in Sources */ = {isa = PBXBuildFile; fileRef = 5CF3E10523C573490041A30D /* UIColor+Additions.swift */; };
		5CF3E10823C575F20041A30D /* Application+Theme.swift in Sources */ = {isa = PBXBuildFile; fileRef = 5CF3E10723C575F20041A30D /* Application+Theme.swift */; };
		5CF3E10A23C59C6A0041A30D /* CALayer+Sketch.swift in Sources */ = {isa = PBXBuildFile; fileRef = 5CF3E10923C59C6A0041A30D /* CALayer+Sketch.swift */; };
		81DD4D051AAD1CB25C584A5B /* Pods_hwahea.framework in Frameworks */ = {isa = PBXBuildFile; fileRef = 10213DF1A03CAE662BEB0CC5 /* Pods_hwahea.framework */; };
		CC19289F1A6A8325B020FE18 /* Pods_hwaheaUITests.framework in Frameworks */ = {isa = PBXBuildFile; fileRef = 4A56EBA3500BD9EAA2A9BB07 /* Pods_hwaheaUITests.framework */; };
/* End PBXBuildFile section */

/* Begin PBXContainerItemProxy section */
		5C9241E223C4CD960074E54A /* PBXContainerItemProxy */ = {
			isa = PBXContainerItemProxy;
			containerPortal = 5C9241C323C4CD940074E54A /* Project object */;
			proxyType = 1;
			remoteGlobalIDString = 5C9241CA23C4CD940074E54A;
			remoteInfo = hwahea;
		};
		5C9241ED23C4CD960074E54A /* PBXContainerItemProxy */ = {
			isa = PBXContainerItemProxy;
			containerPortal = 5C9241C323C4CD940074E54A /* Project object */;
			proxyType = 1;
			remoteGlobalIDString = 5C9241CA23C4CD940074E54A;
			remoteInfo = hwahea;
		};
/* End PBXContainerItemProxy section */

/* Begin PBXFileReference section */
		10213DF1A03CAE662BEB0CC5 /* Pods_hwahea.framework */ = {isa = PBXFileReference; explicitFileType = wrapper.framework; includeInIndex = 0; path = Pods_hwahea.framework; sourceTree = BUILT_PRODUCTS_DIR; };
		190E555A004F6D8F9B367A46 /* Pods-hwaheaUITests.release.xcconfig */ = {isa = PBXFileReference; includeInIndex = 1; lastKnownFileType = text.xcconfig; name = "Pods-hwaheaUITests.release.xcconfig"; path = "Target Support Files/Pods-hwaheaUITests/Pods-hwaheaUITests.release.xcconfig"; sourceTree = "<group>"; };
		4A56EBA3500BD9EAA2A9BB07 /* Pods_hwaheaUITests.framework */ = {isa = PBXFileReference; explicitFileType = wrapper.framework; includeInIndex = 0; path = Pods_hwaheaUITests.framework; sourceTree = BUILT_PRODUCTS_DIR; };
		5C2A7F6E23C7316500372C0A /* Navigatable.swift */ = {isa = PBXFileReference; lastKnownFileType = sourcecode.swift; path = Navigatable.swift; sourceTree = "<group>"; };
		5C2A7F7023C7319500372C0A /* Transitionable.swift */ = {isa = PBXFileReference; lastKnownFileType = sourcecode.swift; path = Transitionable.swift; sourceTree = "<group>"; };
		5C2A7F9723C8493D00372C0A /* NetworkService.swift */ = {isa = PBXFileReference; lastKnownFileType = sourcecode.swift; path = NetworkService.swift; sourceTree = "<group>"; };
		5C2A7F9923C849ED00372C0A /* hwaheaRouter.swift */ = {isa = PBXFileReference; lastKnownFileType = sourcecode.swift; path = hwaheaRouter.swift; sourceTree = "<group>"; };
		5C2A7F9B23C8551700372C0A /* CategoryHeaderView.swift */ = {isa = PBXFileReference; lastKnownFileType = sourcecode.swift; path = CategoryHeaderView.swift; sourceTree = "<group>"; wrapsLines = 0; };
		5C2A7F9D23C868B100372C0A /* UIViewController+Alerts.swift */ = {isa = PBXFileReference; lastKnownFileType = sourcecode.swift; path = "UIViewController+Alerts.swift"; sourceTree = "<group>"; };
		5C2A7F9F23CC0AD700372C0A /* NetworkDataResponse.swift */ = {isa = PBXFileReference; lastKnownFileType = sourcecode.swift; path = NetworkDataResponse.swift; sourceTree = "<group>"; };
		5C2A7FA123CC0D2D00372C0A /* Data+Decode.swift */ = {isa = PBXFileReference; lastKnownFileType = sourcecode.swift; path = "Data+Decode.swift"; sourceTree = "<group>"; };
		5C2A7FA323CC0D7D00372C0A /* NetworkError.swift */ = {isa = PBXFileReference; lastKnownFileType = sourcecode.swift; path = NetworkError.swift; sourceTree = "<group>"; };
		5C2A7FA523CC0DFF00372C0A /* ErrorModel.swift */ = {isa = PBXFileReference; lastKnownFileType = sourcecode.swift; name = ErrorModel.swift; path = hwahea/Modules/Model/ErrorModel.swift; sourceTree = SOURCE_ROOT; };
		5C2A7FA923CC2C1300372C0A /* ProductInteractor.swift */ = {isa = PBXFileReference; lastKnownFileType = sourcecode.swift; name = ProductInteractor.swift; path = hwahea/Modules/Interactor/ProductInteractor.swift; sourceTree = SOURCE_ROOT; };
		5C2A7FAB23CC34AC00372C0A /* ProductsModel.swift */ = {isa = PBXFileReference; lastKnownFileType = sourcecode.swift; path = ProductsModel.swift; sourceTree = "<group>"; };
		5C7AF96F23D6F0CB005B702A /* ProductDetailViewController+TableViewDecorator.swift */ = {isa = PBXFileReference; lastKnownFileType = sourcecode.swift; path = "ProductDetailViewController+TableViewDecorator.swift"; sourceTree = "<group>"; };
		5C7AF97123D6F80B005B702A /* TableViewDecorator.swift */ = {isa = PBXFileReference; lastKnownFileType = sourcecode.swift; path = TableViewDecorator.swift; sourceTree = "<group>"; };
		5C7AF97423D6F8FA005B702A /* ProductImageCell.swift */ = {isa = PBXFileReference; lastKnownFileType = sourcecode.swift; path = ProductImageCell.swift; sourceTree = "<group>"; };
		5C7AF97623D6F90C005B702A /* ProductImageCellViewModel.swift */ = {isa = PBXFileReference; lastKnownFileType = sourcecode.swift; path = ProductImageCellViewModel.swift; sourceTree = "<group>"; };
		5C7AF97823D6F946005B702A /* ProductInfoCell.swift */ = {isa = PBXFileReference; lastKnownFileType = sourcecode.swift; path = ProductInfoCell.swift; sourceTree = "<group>"; };
		5C7AF97A23D6F959005B702A /* ProductInfoCellViewModel.swift */ = {isa = PBXFileReference; lastKnownFileType = sourcecode.swift; path = ProductInfoCellViewModel.swift; sourceTree = "<group>"; };
		5C7AF97C23D6F9F1005B702A /* ProductDescriptionCell.swift */ = {isa = PBXFileReference; lastKnownFileType = sourcecode.swift; path = ProductDescriptionCell.swift; sourceTree = "<group>"; };
		5C7AF97E23D6F9FF005B702A /* ProductDescriptionCellViewModel.swift */ = {isa = PBXFileReference; lastKnownFileType = sourcecode.swift; path = ProductDescriptionCellViewModel.swift; sourceTree = "<group>"; };
		5C7AF98023D6FA08005B702A /* NoticeCell.swift */ = {isa = PBXFileReference; lastKnownFileType = sourcecode.swift; path = NoticeCell.swift; sourceTree = "<group>"; };
		5C7AF98223D6FA50005B702A /* BaseTableViewCell.swift */ = {isa = PBXFileReference; lastKnownFileType = sourcecode.swift; path = BaseTableViewCell.swift; sourceTree = "<group>"; };
		5C7AF98423D700AC005B702A /* ProductDetailModel.swift */ = {isa = PBXFileReference; lastKnownFileType = sourcecode.swift; path = ProductDetailModel.swift; sourceTree = "<group>"; };
		5C7AF98623D701A3005B702A /* Product.swift */ = {isa = PBXFileReference; lastKnownFileType = sourcecode.swift; path = Product.swift; sourceTree = "<group>"; };
		5C7AF98A23D8476D005B702A /* UILabel+Additions.swift */ = {isa = PBXFileReference; lastKnownFileType = sourcecode.swift; path = "UILabel+Additions.swift"; sourceTree = "<group>"; };
		5C7AF99323D84FC6005B702A /* SF-Pro-Text-Heavy.otf */ = {isa = PBXFileReference; lastKnownFileType = file; path = "SF-Pro-Text-Heavy.otf"; sourceTree = "<group>"; };
		5C7AF99523D84FC6005B702A /* NotoSansCJKkr-Black.otf */ = {isa = PBXFileReference; lastKnownFileType = file; path = "NotoSansCJKkr-Black.otf"; sourceTree = "<group>"; };
		5C7AF99623D84FC6005B702A /* NotoSansCJKkr-Bold.otf */ = {isa = PBXFileReference; lastKnownFileType = file; path = "NotoSansCJKkr-Bold.otf"; sourceTree = "<group>"; };
		5C7AF99A23D92CF5005B702A /* String+Additions.swift */ = {isa = PBXFileReference; lastKnownFileType = sourcecode.swift; path = "String+Additions.swift"; sourceTree = "<group>"; };
		5C9241CB23C4CD940074E54A /* hwahea.app */ = {isa = PBXFileReference; explicitFileType = wrapper.application; includeInIndex = 0; path = hwahea.app; sourceTree = BUILT_PRODUCTS_DIR; };
		5C9241CE23C4CD940074E54A /* AppDelegate.swift */ = {isa = PBXFileReference; lastKnownFileType = sourcecode.swift; path = AppDelegate.swift; sourceTree = "<group>"; };
		5C9241D723C4CD960074E54A /* Assets.xcassets */ = {isa = PBXFileReference; lastKnownFileType = folder.assetcatalog; path = Assets.xcassets; sourceTree = "<group>"; };
		5C9241DA23C4CD960074E54A /* Base */ = {isa = PBXFileReference; lastKnownFileType = file.storyboard; name = Base; path = Base.lproj/LaunchScreen.storyboard; sourceTree = "<group>"; };
		5C9241DC23C4CD960074E54A /* Info.plist */ = {isa = PBXFileReference; lastKnownFileType = text.plist.xml; path = Info.plist; sourceTree = "<group>"; };
		5C9241E123C4CD960074E54A /* hwaheaTests.xctest */ = {isa = PBXFileReference; explicitFileType = wrapper.cfbundle; includeInIndex = 0; path = hwaheaTests.xctest; sourceTree = BUILT_PRODUCTS_DIR; };
		5C9241E523C4CD960074E54A /* hwaheaTests.swift */ = {isa = PBXFileReference; lastKnownFileType = sourcecode.swift; path = hwaheaTests.swift; sourceTree = "<group>"; };
		5C9241E723C4CD960074E54A /* Info.plist */ = {isa = PBXFileReference; lastKnownFileType = text.plist.xml; path = Info.plist; sourceTree = "<group>"; };
		5C9241EC23C4CD960074E54A /* hwaheaUITests.xctest */ = {isa = PBXFileReference; explicitFileType = wrapper.cfbundle; includeInIndex = 0; path = hwaheaUITests.xctest; sourceTree = BUILT_PRODUCTS_DIR; };
		5C9241F023C4CD960074E54A /* hwaheaUITests.swift */ = {isa = PBXFileReference; lastKnownFileType = sourcecode.swift; path = hwaheaUITests.swift; sourceTree = "<group>"; };
		5C9241F223C4CD960074E54A /* Info.plist */ = {isa = PBXFileReference; lastKnownFileType = text.plist.xml; path = Info.plist; sourceTree = "<group>"; };
		5C92420623C4D6CD0074E54A /* Application.swift */ = {isa = PBXFileReference; lastKnownFileType = sourcecode.swift; path = Application.swift; sourceTree = "<group>"; };
		5C92420823C4D7800074E54A /* Navigator.swift */ = {isa = PBXFileReference; lastKnownFileType = sourcecode.swift; path = Navigator.swift; sourceTree = "<group>"; };
		5C92420A23C4D89F0074E54A /* ProductListViewController.swift */ = {isa = PBXFileReference; lastKnownFileType = sourcecode.swift; path = ProductListViewController.swift; sourceTree = "<group>"; };
		5C92420F23C4DDD60074E54A /* BaseViewController.swift */ = {isa = PBXFileReference; lastKnownFileType = sourcecode.swift; path = BaseViewController.swift; sourceTree = "<group>"; };
		5C92421123C4DF220074E54A /* BaseViewModel.swift */ = {isa = PBXFileReference; lastKnownFileType = sourcecode.swift; path = BaseViewModel.swift; sourceTree = "<group>"; };
		5C92421323C4DF5E0074E54A /* ProductListViewModel.swift */ = {isa = PBXFileReference; lastKnownFileType = sourcecode.swift; path = ProductListViewModel.swift; sourceTree = "<group>"; };
		5C92421623C4E29C0074E54A /* AppRepository.swift */ = {isa = PBXFileReference; lastKnownFileType = sourcecode.swift; path = AppRepository.swift; sourceTree = "<group>"; };
		5C92421A23C4EB8C0074E54A /* BaseNavigationController.swift */ = {isa = PBXFileReference; lastKnownFileType = sourcecode.swift; path = BaseNavigationController.swift; sourceTree = "<group>"; };
		5C92421C23C4ED6F0074E54A /* DebugPrint.swift */ = {isa = PBXFileReference; lastKnownFileType = sourcecode.swift; path = DebugPrint.swift; sourceTree = "<group>"; };
		5C92422123C60DB60074E54A /* RefreshFooterView.swift */ = {isa = PBXFileReference; lastKnownFileType = sourcecode.swift; path = RefreshFooterView.swift; sourceTree = "<group>"; };
		5C92422323C60F230074E54A /* UIView+Additions.swift */ = {isa = PBXFileReference; lastKnownFileType = sourcecode.swift; path = "UIView+Additions.swift"; sourceTree = "<group>"; };
		5C92422823C612590074E54A /* ProductCell.swift */ = {isa = PBXFileReference; lastKnownFileType = sourcecode.swift; path = ProductCell.swift; sourceTree = "<group>"; };
		5C92422A23C6129C0074E54A /* BaseCollectionViewCell.swift */ = {isa = PBXFileReference; lastKnownFileType = sourcecode.swift; path = BaseCollectionViewCell.swift; sourceTree = "<group>"; };
		5C92422C23C614540074E54A /* ProductListViewController+CollectionViewDecorator.swift */ = {isa = PBXFileReference; lastKnownFileType = sourcecode.swift; path = "ProductListViewController+CollectionViewDecorator.swift"; sourceTree = "<group>"; };
		5CB951A223CC7203004DEA84 /* CollectionViewDecorator.swift */ = {isa = PBXFileReference; lastKnownFileType = sourcecode.swift; name = CollectionViewDecorator.swift; path = hwahea/Common/CollectionViewDecorator.swift; sourceTree = SOURCE_ROOT; };
		5CB951A423CC74B5004DEA84 /* ProductCellViewModel.swift */ = {isa = PBXFileReference; lastKnownFileType = sourcecode.swift; path = ProductCellViewModel.swift; sourceTree = "<group>"; };
		5CF3E0FA23C56D480041A30D /* ProductDetailViewController.swift */ = {isa = PBXFileReference; lastKnownFileType = sourcecode.swift; path = ProductDetailViewController.swift; sourceTree = "<group>"; };
		5CF3E0FC23C56DB80041A30D /* ProductDetailViewModel.swift */ = {isa = PBXFileReference; lastKnownFileType = sourcecode.swift; path = ProductDetailViewModel.swift; sourceTree = "<group>"; };
		5CF3E10023C572A50041A30D /* Font.swift */ = {isa = PBXFileReference; lastKnownFileType = sourcecode.swift; path = Font.swift; sourceTree = "<group>"; };
		5CF3E10223C572B60041A30D /* Color.swift */ = {isa = PBXFileReference; lastKnownFileType = sourcecode.swift; path = Color.swift; sourceTree = "<group>"; };
		5CF3E10523C573490041A30D /* UIColor+Additions.swift */ = {isa = PBXFileReference; lastKnownFileType = sourcecode.swift; path = "UIColor+Additions.swift"; sourceTree = "<group>"; };
		5CF3E10723C575F20041A30D /* Application+Theme.swift */ = {isa = PBXFileReference; lastKnownFileType = sourcecode.swift; path = "Application+Theme.swift"; sourceTree = "<group>"; };
		5CF3E10923C59C6A0041A30D /* CALayer+Sketch.swift */ = {isa = PBXFileReference; lastKnownFileType = sourcecode.swift; path = "CALayer+Sketch.swift"; sourceTree = "<group>"; };
		84A89468B25EA4027F0B98A6 /* Pods-hwaheaTests.release.xcconfig */ = {isa = PBXFileReference; includeInIndex = 1; lastKnownFileType = text.xcconfig; name = "Pods-hwaheaTests.release.xcconfig"; path = "Target Support Files/Pods-hwaheaTests/Pods-hwaheaTests.release.xcconfig"; sourceTree = "<group>"; };
		AA7C52D34201B06371E19D72 /* Pods-hwaheaTests.debug.xcconfig */ = {isa = PBXFileReference; includeInIndex = 1; lastKnownFileType = text.xcconfig; name = "Pods-hwaheaTests.debug.xcconfig"; path = "Target Support Files/Pods-hwaheaTests/Pods-hwaheaTests.debug.xcconfig"; sourceTree = "<group>"; };
		CFD3FD0FC65D5533EE5FF87F /* Pods-hwahea.debug.xcconfig */ = {isa = PBXFileReference; includeInIndex = 1; lastKnownFileType = text.xcconfig; name = "Pods-hwahea.debug.xcconfig"; path = "Target Support Files/Pods-hwahea/Pods-hwahea.debug.xcconfig"; sourceTree = "<group>"; };
		EE1DC5CAFBB11CB96269B7F3 /* Pods_hwaheaTests.framework */ = {isa = PBXFileReference; explicitFileType = wrapper.framework; includeInIndex = 0; path = Pods_hwaheaTests.framework; sourceTree = BUILT_PRODUCTS_DIR; };
		F8CCFC160EFE0C313BA32576 /* Pods-hwahea.release.xcconfig */ = {isa = PBXFileReference; includeInIndex = 1; lastKnownFileType = text.xcconfig; name = "Pods-hwahea.release.xcconfig"; path = "Target Support Files/Pods-hwahea/Pods-hwahea.release.xcconfig"; sourceTree = "<group>"; };
		FE2490A65D826BAFBA64A35C /* Pods-hwaheaUITests.debug.xcconfig */ = {isa = PBXFileReference; includeInIndex = 1; lastKnownFileType = text.xcconfig; name = "Pods-hwaheaUITests.debug.xcconfig"; path = "Target Support Files/Pods-hwaheaUITests/Pods-hwaheaUITests.debug.xcconfig"; sourceTree = "<group>"; };
/* End PBXFileReference section */

/* Begin PBXFrameworksBuildPhase section */
		5C9241C823C4CD940074E54A /* Frameworks */ = {
			isa = PBXFrameworksBuildPhase;
			buildActionMask = 2147483647;
			files = (
				81DD4D051AAD1CB25C584A5B /* Pods_hwahea.framework in Frameworks */,
			);
			runOnlyForDeploymentPostprocessing = 0;
		};
		5C9241DE23C4CD960074E54A /* Frameworks */ = {
			isa = PBXFrameworksBuildPhase;
			buildActionMask = 2147483647;
			files = (
				4FD59055F0A53C7D3C0B9FCC /* Pods_hwaheaTests.framework in Frameworks */,
			);
			runOnlyForDeploymentPostprocessing = 0;
		};
		5C9241E923C4CD960074E54A /* Frameworks */ = {
			isa = PBXFrameworksBuildPhase;
			buildActionMask = 2147483647;
			files = (
				CC19289F1A6A8325B020FE18 /* Pods_hwaheaUITests.framework in Frameworks */,
			);
			runOnlyForDeploymentPostprocessing = 0;
		};
/* End PBXFrameworksBuildPhase section */

/* Begin PBXGroup section */
		5C2A7F6D23C7313900372C0A /* Coordinator */ = {
			isa = PBXGroup;
			children = (
				5C92420823C4D7800074E54A /* Navigator.swift */,
				5C2A7F6E23C7316500372C0A /* Navigatable.swift */,
				5C2A7F7023C7319500372C0A /* Transitionable.swift */,
			);
			path = Coordinator;
			sourceTree = "<group>";
		};
		5C2A7F9623C848EF00372C0A /* Network */ = {
			isa = PBXGroup;
			children = (
				5C2A7F9723C8493D00372C0A /* NetworkService.swift */,
				5C2A7F9923C849ED00372C0A /* hwaheaRouter.swift */,
				5C2A7F9F23CC0AD700372C0A /* NetworkDataResponse.swift */,
				5C2A7FA323CC0D7D00372C0A /* NetworkError.swift */,
			);
			path = Network;
			sourceTree = "<group>";
		};
		5C7AF97323D6F8BD005B702A /* Cell */ = {
			isa = PBXGroup;
			children = (
				5C7AF97423D6F8FA005B702A /* ProductImageCell.swift */,
				5C7AF97623D6F90C005B702A /* ProductImageCellViewModel.swift */,
				5C7AF97823D6F946005B702A /* ProductInfoCell.swift */,
				5C7AF97A23D6F959005B702A /* ProductInfoCellViewModel.swift */,
				5C7AF97C23D6F9F1005B702A /* ProductDescriptionCell.swift */,
				5C7AF97E23D6F9FF005B702A /* ProductDescriptionCellViewModel.swift */,
				5C7AF98023D6FA08005B702A /* NoticeCell.swift */,
			);
			path = Cell;
			sourceTree = "<group>";
		};
		5C7AF99123D84FC6005B702A /* Font */ = {
			isa = PBXGroup;
			children = (
				5C7AF99223D84FC6005B702A /* SFPro */,
				5C7AF99423D84FC6005B702A /* NotoSans */,
			);
			path = Font;
			sourceTree = "<group>";
		};
		5C7AF99223D84FC6005B702A /* SFPro */ = {
			isa = PBXGroup;
			children = (
				5C7AF99323D84FC6005B702A /* SF-Pro-Text-Heavy.otf */,
			);
			path = SFPro;
			sourceTree = "<group>";
		};
		5C7AF99423D84FC6005B702A /* NotoSans */ = {
			isa = PBXGroup;
			children = (
				5C7AF99523D84FC6005B702A /* NotoSansCJKkr-Black.otf */,
				5C7AF99623D84FC6005B702A /* NotoSansCJKkr-Bold.otf */,
			);
			path = NotoSans;
			sourceTree = "<group>";
		};
		5C9241C223C4CD940074E54A = {
			isa = PBXGroup;
			children = (
				5C9241CD23C4CD940074E54A /* hwahea */,
				5C9241E423C4CD960074E54A /* hwaheaTests */,
				5C9241EF23C4CD960074E54A /* hwaheaUITests */,
				5C9241CC23C4CD940074E54A /* Products */,
				C579EC0CC65F89FF0BF3E89D /* Pods */,
				F34F56D111D51C5F7229FF84 /* Frameworks */,
			);
			sourceTree = "<group>";
		};
		5C9241CC23C4CD940074E54A /* Products */ = {
			isa = PBXGroup;
			children = (
				5C9241CB23C4CD940074E54A /* hwahea.app */,
				5C9241E123C4CD960074E54A /* hwaheaTests.xctest */,
				5C9241EC23C4CD960074E54A /* hwaheaUITests.xctest */,
			);
			name = Products;
			sourceTree = "<group>";
		};
		5C9241CD23C4CD940074E54A /* hwahea */ = {
			isa = PBXGroup;
			children = (
				5C9241FE23C4D2610074E54A /* Core */,
				5C92420E23C4DDB00074E54A /* Common */,
				5C9241FF23C4D2660074E54A /* Modules */,
				5C92420223C4D3BD0074E54A /* Utility */,
				5C92420123C4D2F90074E54A /* Resources */,
				5C9241DC23C4CD960074E54A /* Info.plist */,
			);
			path = hwahea;
			sourceTree = "<group>";
		};
		5C9241E423C4CD960074E54A /* hwaheaTests */ = {
			isa = PBXGroup;
			children = (
				5C9241E523C4CD960074E54A /* hwaheaTests.swift */,
				5C9241E723C4CD960074E54A /* Info.plist */,
			);
			path = hwaheaTests;
			sourceTree = "<group>";
		};
		5C9241EF23C4CD960074E54A /* hwaheaUITests */ = {
			isa = PBXGroup;
			children = (
				5C9241F023C4CD960074E54A /* hwaheaUITests.swift */,
				5C9241F223C4CD960074E54A /* Info.plist */,
			);
			path = hwaheaUITests;
			sourceTree = "<group>";
		};
		5C9241FE23C4D2610074E54A /* Core */ = {
			isa = PBXGroup;
			children = (
				5C9241CE23C4CD940074E54A /* AppDelegate.swift */,
				5C92420623C4D6CD0074E54A /* Application.swift */,
				5CF3E10723C575F20041A30D /* Application+Theme.swift */,
				5C2A7F6D23C7313900372C0A /* Coordinator */,
				5C92421523C4E24A0074E54A /* Repositories */,
				5C2A7F9623C848EF00372C0A /* Network */,
			);
			path = Core;
			sourceTree = "<group>";
		};
		5C9241FF23C4D2660074E54A /* Modules */ = {
			isa = PBXGroup;
			children = (
				5C92420423C4D4C70074E54A /* Scene */,
				5C92420323C4D4AA0074E54A /* Interactor */,
				5C92420023C4D2F30074E54A /* Model */,
			);
			path = Modules;
			sourceTree = "<group>";
		};
		5C92420023C4D2F30074E54A /* Model */ = {
			isa = PBXGroup;
			children = (
				5C2A7FA523CC0DFF00372C0A /* ErrorModel.swift */,
				5C2A7FAB23CC34AC00372C0A /* ProductsModel.swift */,
				5C7AF98423D700AC005B702A /* ProductDetailModel.swift */,
				5C7AF98623D701A3005B702A /* Product.swift */,
			);
			path = Model;
			sourceTree = "<group>";
		};
		5C92420123C4D2F90074E54A /* Resources */ = {
			isa = PBXGroup;
			children = (
				5C7AF99123D84FC6005B702A /* Font */,
				5C9241D723C4CD960074E54A /* Assets.xcassets */,
				5C9241D923C4CD960074E54A /* LaunchScreen.storyboard */,
			);
			path = Resources;
			sourceTree = "<group>";
		};
		5C92420223C4D3BD0074E54A /* Utility */ = {
			isa = PBXGroup;
			children = (
				5CF3E10423C5732B0041A30D /* Extension */,
				5CF3E0FF23C572970041A30D /* Debug */,
				5CF3E0FE23C5728F0041A30D /* Theme */,
			);
			path = Utility;
			sourceTree = "<group>";
		};
		5C92420323C4D4AA0074E54A /* Interactor */ = {
			isa = PBXGroup;
			children = (
				5C2A7FA923CC2C1300372C0A /* ProductInteractor.swift */,
			);
			path = Interactor;
			sourceTree = "<group>";
		};
		5C92420423C4D4C70074E54A /* Scene */ = {
			isa = PBXGroup;
			children = (
				5C92420523C4D5840074E54A /* ProductList */,
				5CF3E0F923C56D310041A30D /* ProductDetail */,
			);
			path = Scene;
			sourceTree = "<group>";
		};
		5C92420523C4D5840074E54A /* ProductList */ = {
			isa = PBXGroup;
			children = (
				5C92422723C612430074E54A /* Cell */,
				5C92420A23C4D89F0074E54A /* ProductListViewController.swift */,
				5C92421323C4DF5E0074E54A /* ProductListViewModel.swift */,
				5C92422C23C614540074E54A /* ProductListViewController+CollectionViewDecorator.swift */,
			);
			path = ProductList;
			sourceTree = "<group>";
		};
		5C92420E23C4DDB00074E54A /* Common */ = {
			isa = PBXGroup;
			children = (
				5C92420F23C4DDD60074E54A /* BaseViewController.swift */,
				5C92421123C4DF220074E54A /* BaseViewModel.swift */,
				5C92421A23C4EB8C0074E54A /* BaseNavigationController.swift */,
				5C92422123C60DB60074E54A /* RefreshFooterView.swift */,
				5C92422A23C6129C0074E54A /* BaseCollectionViewCell.swift */,
				5C7AF98223D6FA50005B702A /* BaseTableViewCell.swift */,
				5CB951A223CC7203004DEA84 /* CollectionViewDecorator.swift */,
				5C7AF97123D6F80B005B702A /* TableViewDecorator.swift */,
				5C2A7F9B23C8551700372C0A /* CategoryHeaderView.swift */,
			);
			path = Common;
			sourceTree = "<group>";
		};
		5C92421523C4E24A0074E54A /* Repositories */ = {
			isa = PBXGroup;
			children = (
				5C92421623C4E29C0074E54A /* AppRepository.swift */,
			);
			path = Repositories;
			sourceTree = "<group>";
		};
		5C92422723C612430074E54A /* Cell */ = {
			isa = PBXGroup;
			children = (
				5C92422823C612590074E54A /* ProductCell.swift */,
				5CB951A423CC74B5004DEA84 /* ProductCellViewModel.swift */,
			);
			path = Cell;
			sourceTree = "<group>";
		};
		5CF3E0F923C56D310041A30D /* ProductDetail */ = {
			isa = PBXGroup;
			children = (
				5C7AF97323D6F8BD005B702A /* Cell */,
				5CF3E0FA23C56D480041A30D /* ProductDetailViewController.swift */,
				5CF3E0FC23C56DB80041A30D /* ProductDetailViewModel.swift */,
				5C7AF96F23D6F0CB005B702A /* ProductDetailViewController+TableViewDecorator.swift */,
			);
			path = ProductDetail;
			sourceTree = "<group>";
		};
		5CF3E0FE23C5728F0041A30D /* Theme */ = {
			isa = PBXGroup;
			children = (
				5CF3E10023C572A50041A30D /* Font.swift */,
				5CF3E10223C572B60041A30D /* Color.swift */,
			);
			path = Theme;
			sourceTree = "<group>";
		};
		5CF3E0FF23C572970041A30D /* Debug */ = {
			isa = PBXGroup;
			children = (
				5C92421C23C4ED6F0074E54A /* DebugPrint.swift */,
			);
			path = Debug;
			sourceTree = "<group>";
		};
		5CF3E10423C5732B0041A30D /* Extension */ = {
			isa = PBXGroup;
			children = (
				5CF3E10523C573490041A30D /* UIColor+Additions.swift */,
				5CF3E10923C59C6A0041A30D /* CALayer+Sketch.swift */,
				5C92422323C60F230074E54A /* UIView+Additions.swift */,
				5C2A7F9D23C868B100372C0A /* UIViewController+Alerts.swift */,
				5C2A7FA123CC0D2D00372C0A /* Data+Decode.swift */,
				5C7AF98A23D8476D005B702A /* UILabel+Additions.swift */,
				5C7AF99A23D92CF5005B702A /* String+Additions.swift */,
			);
			path = Extension;
			sourceTree = "<group>";
		};
		C579EC0CC65F89FF0BF3E89D /* Pods */ = {
			isa = PBXGroup;
			children = (
				CFD3FD0FC65D5533EE5FF87F /* Pods-hwahea.debug.xcconfig */,
				F8CCFC160EFE0C313BA32576 /* Pods-hwahea.release.xcconfig */,
				AA7C52D34201B06371E19D72 /* Pods-hwaheaTests.debug.xcconfig */,
				84A89468B25EA4027F0B98A6 /* Pods-hwaheaTests.release.xcconfig */,
				FE2490A65D826BAFBA64A35C /* Pods-hwaheaUITests.debug.xcconfig */,
				190E555A004F6D8F9B367A46 /* Pods-hwaheaUITests.release.xcconfig */,
			);
			path = Pods;
			sourceTree = "<group>";
		};
		F34F56D111D51C5F7229FF84 /* Frameworks */ = {
			isa = PBXGroup;
			children = (
				10213DF1A03CAE662BEB0CC5 /* Pods_hwahea.framework */,
				EE1DC5CAFBB11CB96269B7F3 /* Pods_hwaheaTests.framework */,
				4A56EBA3500BD9EAA2A9BB07 /* Pods_hwaheaUITests.framework */,
			);
			name = Frameworks;
			sourceTree = "<group>";
		};
/* End PBXGroup section */

/* Begin PBXNativeTarget section */
		5C9241CA23C4CD940074E54A /* hwahea */ = {
			isa = PBXNativeTarget;
			buildConfigurationList = 5C9241F523C4CD960074E54A /* Build configuration list for PBXNativeTarget "hwahea" */;
			buildPhases = (
				10C35E209AAECBEEECECB759 /* [CP] Check Pods Manifest.lock */,
				5C9241C723C4CD940074E54A /* Sources */,
				5C9241C823C4CD940074E54A /* Frameworks */,
				5C9241C923C4CD940074E54A /* Resources */,
				B6863CD7E15250DEEE9A0378 /* [CP] Embed Pods Frameworks */,
			);
			buildRules = (
			);
			dependencies = (
			);
			name = hwahea;
			productName = hwahea;
			productReference = 5C9241CB23C4CD940074E54A /* hwahea.app */;
			productType = "com.apple.product-type.application";
		};
		5C9241E023C4CD960074E54A /* hwaheaTests */ = {
			isa = PBXNativeTarget;
			buildConfigurationList = 5C9241F823C4CD960074E54A /* Build configuration list for PBXNativeTarget "hwaheaTests" */;
			buildPhases = (
				D1ACAD734AA189487DC2F3CA /* [CP] Check Pods Manifest.lock */,
				5C9241DD23C4CD960074E54A /* Sources */,
				5C9241DE23C4CD960074E54A /* Frameworks */,
				5C9241DF23C4CD960074E54A /* Resources */,
			);
			buildRules = (
			);
			dependencies = (
				5C9241E323C4CD960074E54A /* PBXTargetDependency */,
			);
			name = hwaheaTests;
			productName = hwaheaTests;
			productReference = 5C9241E123C4CD960074E54A /* hwaheaTests.xctest */;
			productType = "com.apple.product-type.bundle.unit-test";
		};
		5C9241EB23C4CD960074E54A /* hwaheaUITests */ = {
			isa = PBXNativeTarget;
			buildConfigurationList = 5C9241FB23C4CD960074E54A /* Build configuration list for PBXNativeTarget "hwaheaUITests" */;
			buildPhases = (
				E3BA4FA68ABA606234CC7B0C /* [CP] Check Pods Manifest.lock */,
				5C9241E823C4CD960074E54A /* Sources */,
				5C9241E923C4CD960074E54A /* Frameworks */,
				5C9241EA23C4CD960074E54A /* Resources */,
			);
			buildRules = (
			);
			dependencies = (
				5C9241EE23C4CD960074E54A /* PBXTargetDependency */,
			);
			name = hwaheaUITests;
			productName = hwaheaUITests;
			productReference = 5C9241EC23C4CD960074E54A /* hwaheaUITests.xctest */;
			productType = "com.apple.product-type.bundle.ui-testing";
		};
/* End PBXNativeTarget section */

/* Begin PBXProject section */
		5C9241C323C4CD940074E54A /* Project object */ = {
			isa = PBXProject;
			attributes = {
				LastSwiftUpdateCheck = 1120;
				LastUpgradeCheck = 1120;
				ORGANIZATIONNAME = Jinnify;
				TargetAttributes = {
					5C9241CA23C4CD940074E54A = {
						CreatedOnToolsVersion = 11.2.1;
					};
					5C9241E023C4CD960074E54A = {
						CreatedOnToolsVersion = 11.2.1;
						TestTargetID = 5C9241CA23C4CD940074E54A;
					};
					5C9241EB23C4CD960074E54A = {
						CreatedOnToolsVersion = 11.2.1;
						TestTargetID = 5C9241CA23C4CD940074E54A;
					};
				};
			};
			buildConfigurationList = 5C9241C623C4CD940074E54A /* Build configuration list for PBXProject "hwahea" */;
			compatibilityVersion = "Xcode 9.3";
			developmentRegion = en;
			hasScannedForEncodings = 0;
			knownRegions = (
				en,
				Base,
			);
			mainGroup = 5C9241C223C4CD940074E54A;
			productRefGroup = 5C9241CC23C4CD940074E54A /* Products */;
			projectDirPath = "";
			projectRoot = "";
			targets = (
				5C9241CA23C4CD940074E54A /* hwahea */,
				5C9241E023C4CD960074E54A /* hwaheaTests */,
				5C9241EB23C4CD960074E54A /* hwaheaUITests */,
			);
		};
/* End PBXProject section */

/* Begin PBXResourcesBuildPhase section */
		5C9241C923C4CD940074E54A /* Resources */ = {
			isa = PBXResourcesBuildPhase;
			buildActionMask = 2147483647;
			files = (
				5C9241DB23C4CD960074E54A /* LaunchScreen.storyboard in Resources */,
				5C7AF99923D84FC6005B702A /* NotoSansCJKkr-Bold.otf in Resources */,
				5C7AF99723D84FC6005B702A /* SF-Pro-Text-Heavy.otf in Resources */,
				5C7AF99823D84FC6005B702A /* NotoSansCJKkr-Black.otf in Resources */,
				5C9241D823C4CD960074E54A /* Assets.xcassets in Resources */,
			);
			runOnlyForDeploymentPostprocessing = 0;
		};
		5C9241DF23C4CD960074E54A /* Resources */ = {
			isa = PBXResourcesBuildPhase;
			buildActionMask = 2147483647;
			files = (
			);
			runOnlyForDeploymentPostprocessing = 0;
		};
		5C9241EA23C4CD960074E54A /* Resources */ = {
			isa = PBXResourcesBuildPhase;
			buildActionMask = 2147483647;
			files = (
			);
			runOnlyForDeploymentPostprocessing = 0;
		};
/* End PBXResourcesBuildPhase section */

/* Begin PBXShellScriptBuildPhase section */
		10C35E209AAECBEEECECB759 /* [CP] Check Pods Manifest.lock */ = {
			isa = PBXShellScriptBuildPhase;
			buildActionMask = 2147483647;
			files = (
			);
			inputFileListPaths = (
			);
			inputPaths = (
				"${PODS_PODFILE_DIR_PATH}/Podfile.lock",
				"${PODS_ROOT}/Manifest.lock",
			);
			name = "[CP] Check Pods Manifest.lock";
			outputFileListPaths = (
			);
			outputPaths = (
				"$(DERIVED_FILE_DIR)/Pods-hwahea-checkManifestLockResult.txt",
			);
			runOnlyForDeploymentPostprocessing = 0;
			shellPath = /bin/sh;
			shellScript = "diff \"${PODS_PODFILE_DIR_PATH}/Podfile.lock\" \"${PODS_ROOT}/Manifest.lock\" > /dev/null\nif [ $? != 0 ] ; then\n    # print error to STDERR\n    echo \"error: The sandbox is not in sync with the Podfile.lock. Run 'pod install' or update your CocoaPods installation.\" >&2\n    exit 1\nfi\n# This output is used by Xcode 'outputs' to avoid re-running this script phase.\necho \"SUCCESS\" > \"${SCRIPT_OUTPUT_FILE_0}\"\n";
			showEnvVarsInLog = 0;
		};
		B6863CD7E15250DEEE9A0378 /* [CP] Embed Pods Frameworks */ = {
			isa = PBXShellScriptBuildPhase;
			buildActionMask = 2147483647;
			files = (
			);
			inputFileListPaths = (
				"${PODS_ROOT}/Target Support Files/Pods-hwahea/Pods-hwahea-frameworks-${CONFIGURATION}-input-files.xcfilelist",
			);
			name = "[CP] Embed Pods Frameworks";
			outputFileListPaths = (
				"${PODS_ROOT}/Target Support Files/Pods-hwahea/Pods-hwahea-frameworks-${CONFIGURATION}-output-files.xcfilelist",
			);
			runOnlyForDeploymentPostprocessing = 0;
			shellPath = /bin/sh;
			shellScript = "\"${PODS_ROOT}/Target Support Files/Pods-hwahea/Pods-hwahea-frameworks.sh\"\n";
			showEnvVarsInLog = 0;
		};
		D1ACAD734AA189487DC2F3CA /* [CP] Check Pods Manifest.lock */ = {
			isa = PBXShellScriptBuildPhase;
			buildActionMask = 2147483647;
			files = (
			);
			inputFileListPaths = (
			);
			inputPaths = (
				"${PODS_PODFILE_DIR_PATH}/Podfile.lock",
				"${PODS_ROOT}/Manifest.lock",
			);
			name = "[CP] Check Pods Manifest.lock";
			outputFileListPaths = (
			);
			outputPaths = (
				"$(DERIVED_FILE_DIR)/Pods-hwaheaTests-checkManifestLockResult.txt",
			);
			runOnlyForDeploymentPostprocessing = 0;
			shellPath = /bin/sh;
			shellScript = "diff \"${PODS_PODFILE_DIR_PATH}/Podfile.lock\" \"${PODS_ROOT}/Manifest.lock\" > /dev/null\nif [ $? != 0 ] ; then\n    # print error to STDERR\n    echo \"error: The sandbox is not in sync with the Podfile.lock. Run 'pod install' or update your CocoaPods installation.\" >&2\n    exit 1\nfi\n# This output is used by Xcode 'outputs' to avoid re-running this script phase.\necho \"SUCCESS\" > \"${SCRIPT_OUTPUT_FILE_0}\"\n";
			showEnvVarsInLog = 0;
		};
		E3BA4FA68ABA606234CC7B0C /* [CP] Check Pods Manifest.lock */ = {
			isa = PBXShellScriptBuildPhase;
			buildActionMask = 2147483647;
			files = (
			);
			inputFileListPaths = (
			);
			inputPaths = (
				"${PODS_PODFILE_DIR_PATH}/Podfile.lock",
				"${PODS_ROOT}/Manifest.lock",
			);
			name = "[CP] Check Pods Manifest.lock";
			outputFileListPaths = (
			);
			outputPaths = (
				"$(DERIVED_FILE_DIR)/Pods-hwaheaUITests-checkManifestLockResult.txt",
			);
			runOnlyForDeploymentPostprocessing = 0;
			shellPath = /bin/sh;
			shellScript = "diff \"${PODS_PODFILE_DIR_PATH}/Podfile.lock\" \"${PODS_ROOT}/Manifest.lock\" > /dev/null\nif [ $? != 0 ] ; then\n    # print error to STDERR\n    echo \"error: The sandbox is not in sync with the Podfile.lock. Run 'pod install' or update your CocoaPods installation.\" >&2\n    exit 1\nfi\n# This output is used by Xcode 'outputs' to avoid re-running this script phase.\necho \"SUCCESS\" > \"${SCRIPT_OUTPUT_FILE_0}\"\n";
			showEnvVarsInLog = 0;
		};
/* End PBXShellScriptBuildPhase section */

/* Begin PBXSourcesBuildPhase section */
		5C9241C723C4CD940074E54A /* Sources */ = {
			isa = PBXSourcesBuildPhase;
			buildActionMask = 2147483647;
			files = (
				5C2A7FAA23CC2C1300372C0A /* ProductInteractor.swift in Sources */,
				5C2A7F7123C7319500372C0A /* Transitionable.swift in Sources */,
				5C7AF98B23D8476D005B702A /* UILabel+Additions.swift in Sources */,
				5C7AF97723D6F90C005B702A /* ProductImageCellViewModel.swift in Sources */,
				5C2A7FA423CC0D7D00372C0A /* NetworkError.swift in Sources */,
				5C92420723C4D6CD0074E54A /* Application.swift in Sources */,
				5C7AF99B23D92CF5005B702A /* String+Additions.swift in Sources */,
				5C92422D23C614540074E54A /* ProductListViewController+CollectionViewDecorator.swift in Sources */,
				5C2A7F6F23C7316500372C0A /* Navigatable.swift in Sources */,
				5CF3E10A23C59C6A0041A30D /* CALayer+Sketch.swift in Sources */,
				5C7AF97223D6F80B005B702A /* TableViewDecorator.swift in Sources */,
				5C9241CF23C4CD940074E54A /* AppDelegate.swift in Sources */,
				5C92421223C4DF220074E54A /* BaseViewModel.swift in Sources */,
				5C92422423C60F230074E54A /* UIView+Additions.swift in Sources */,
				5C92420B23C4D89F0074E54A /* ProductListViewController.swift in Sources */,
				5C7AF97023D6F0CB005B702A /* ProductDetailViewController+TableViewDecorator.swift in Sources */,
				5C2A7FA023CC0AD700372C0A /* NetworkDataResponse.swift in Sources */,
				5CF3E10823C575F20041A30D /* Application+Theme.swift in Sources */,
				5C92420923C4D7800074E54A /* Navigator.swift in Sources */,
				5C92421B23C4EB8C0074E54A /* BaseNavigationController.swift in Sources */,
				5C2A7F9E23C868B100372C0A /* UIViewController+Alerts.swift in Sources */,
				5C2A7FA623CC0DFF00372C0A /* ErrorModel.swift in Sources */,
				5C7AF98323D6FA50005B702A /* BaseTableViewCell.swift in Sources */,
				5C7AF97B23D6F959005B702A /* ProductInfoCellViewModel.swift in Sources */,
				5C7AF97F23D6F9FF005B702A /* ProductDescriptionCellViewModel.swift in Sources */,
				5C92421423C4DF5E0074E54A /* ProductListViewModel.swift in Sources */,
				5CB951A523CC74B5004DEA84 /* ProductCellViewModel.swift in Sources */,
				5C7AF98123D6FA08005B702A /* NoticeCell.swift in Sources */,
				5CF3E10123C572A50041A30D /* Font.swift in Sources */,
				5C2A7FAC23CC34AC00372C0A /* ProductsModel.swift in Sources */,
				5C2A7FA223CC0D2D00372C0A /* Data+Decode.swift in Sources */,
				5C92422923C612590074E54A /* ProductCell.swift in Sources */,
				5CF3E0FB23C56D480041A30D /* ProductDetailViewController.swift in Sources */,
				5CF3E10323C572B60041A30D /* Color.swift in Sources */,
				5C92422B23C6129C0074E54A /* BaseCollectionViewCell.swift in Sources */,
				5C92421023C4DDD60074E54A /* BaseViewController.swift in Sources */,
				5C7AF98523D700AC005B702A /* ProductDetailModel.swift in Sources */,
				5C7AF97523D6F8FA005B702A /* ProductImageCell.swift in Sources */,
				5CF3E10623C573490041A30D /* UIColor+Additions.swift in Sources */,
				5C7AF97923D6F946005B702A /* ProductInfoCell.swift in Sources */,
				5C92421723C4E29C0074E54A /* AppRepository.swift in Sources */,
				5C2A7F9C23C8551700372C0A /* CategoryHeaderView.swift in Sources */,
				5C92422223C60DB60074E54A /* RefreshFooterView.swift in Sources */,
				5C7AF98723D701A3005B702A /* Product.swift in Sources */,
				5C7AF97D23D6F9F1005B702A /* ProductDescriptionCell.swift in Sources */,
				5C92421D23C4ED6F0074E54A /* DebugPrint.swift in Sources */,
				5C2A7F9A23C849ED00372C0A /* hwaheaRouter.swift in Sources */,
				5C2A7F9823C8493D00372C0A /* NetworkService.swift in Sources */,
				5CB951A323CC7203004DEA84 /* CollectionViewDecorator.swift in Sources */,
				5CF3E0FD23C56DB80041A30D /* ProductDetailViewModel.swift in Sources */,
			);
			runOnlyForDeploymentPostprocessing = 0;
		};
		5C9241DD23C4CD960074E54A /* Sources */ = {
			isa = PBXSourcesBuildPhase;
			buildActionMask = 2147483647;
			files = (
				5C9241E623C4CD960074E54A /* hwaheaTests.swift in Sources */,
			);
			runOnlyForDeploymentPostprocessing = 0;
		};
		5C9241E823C4CD960074E54A /* Sources */ = {
			isa = PBXSourcesBuildPhase;
			buildActionMask = 2147483647;
			files = (
				5C9241F123C4CD960074E54A /* hwaheaUITests.swift in Sources */,
			);
			runOnlyForDeploymentPostprocessing = 0;
		};
/* End PBXSourcesBuildPhase section */

/* Begin PBXTargetDependency section */
		5C9241E323C4CD960074E54A /* PBXTargetDependency */ = {
			isa = PBXTargetDependency;
			target = 5C9241CA23C4CD940074E54A /* hwahea */;
			targetProxy = 5C9241E223C4CD960074E54A /* PBXContainerItemProxy */;
		};
		5C9241EE23C4CD960074E54A /* PBXTargetDependency */ = {
			isa = PBXTargetDependency;
			target = 5C9241CA23C4CD940074E54A /* hwahea */;
			targetProxy = 5C9241ED23C4CD960074E54A /* PBXContainerItemProxy */;
		};
/* End PBXTargetDependency section */

/* Begin PBXVariantGroup section */
		5C9241D923C4CD960074E54A /* LaunchScreen.storyboard */ = {
			isa = PBXVariantGroup;
			children = (
				5C9241DA23C4CD960074E54A /* Base */,
			);
			name = LaunchScreen.storyboard;
			sourceTree = "<group>";
		};
/* End PBXVariantGroup section */

/* Begin XCBuildConfiguration section */
		5C9241F323C4CD960074E54A /* Debug */ = {
			isa = XCBuildConfiguration;
			buildSettings = {
				ALWAYS_SEARCH_USER_PATHS = NO;
				CLANG_ANALYZER_NONNULL = YES;
				CLANG_ANALYZER_NUMBER_OBJECT_CONVERSION = YES_AGGRESSIVE;
				CLANG_CXX_LANGUAGE_STANDARD = "gnu++14";
				CLANG_CXX_LIBRARY = "libc++";
				CLANG_ENABLE_MODULES = YES;
				CLANG_ENABLE_OBJC_ARC = YES;
				CLANG_ENABLE_OBJC_WEAK = YES;
				CLANG_WARN_BLOCK_CAPTURE_AUTORELEASING = YES;
				CLANG_WARN_BOOL_CONVERSION = YES;
				CLANG_WARN_COMMA = YES;
				CLANG_WARN_CONSTANT_CONVERSION = YES;
				CLANG_WARN_DEPRECATED_OBJC_IMPLEMENTATIONS = YES;
				CLANG_WARN_DIRECT_OBJC_ISA_USAGE = YES_ERROR;
				CLANG_WARN_DOCUMENTATION_COMMENTS = YES;
				CLANG_WARN_EMPTY_BODY = YES;
				CLANG_WARN_ENUM_CONVERSION = YES;
				CLANG_WARN_INFINITE_RECURSION = YES;
				CLANG_WARN_INT_CONVERSION = YES;
				CLANG_WARN_NON_LITERAL_NULL_CONVERSION = YES;
				CLANG_WARN_OBJC_IMPLICIT_RETAIN_SELF = YES;
				CLANG_WARN_OBJC_LITERAL_CONVERSION = YES;
				CLANG_WARN_OBJC_ROOT_CLASS = YES_ERROR;
				CLANG_WARN_RANGE_LOOP_ANALYSIS = YES;
				CLANG_WARN_STRICT_PROTOTYPES = YES;
				CLANG_WARN_SUSPICIOUS_MOVE = YES;
				CLANG_WARN_UNGUARDED_AVAILABILITY = YES_AGGRESSIVE;
				CLANG_WARN_UNREACHABLE_CODE = YES;
				CLANG_WARN__DUPLICATE_METHOD_MATCH = YES;
				COPY_PHASE_STRIP = NO;
				DEBUG_INFORMATION_FORMAT = dwarf;
				ENABLE_STRICT_OBJC_MSGSEND = YES;
				ENABLE_TESTABILITY = YES;
				GCC_C_LANGUAGE_STANDARD = gnu11;
				GCC_DYNAMIC_NO_PIC = NO;
				GCC_NO_COMMON_BLOCKS = YES;
				GCC_OPTIMIZATION_LEVEL = 0;
				GCC_PREPROCESSOR_DEFINITIONS = (
					"DEBUG=1",
					"$(inherited)",
				);
				GCC_WARN_64_TO_32_BIT_CONVERSION = YES;
				GCC_WARN_ABOUT_RETURN_TYPE = YES_ERROR;
				GCC_WARN_UNDECLARED_SELECTOR = YES;
				GCC_WARN_UNINITIALIZED_AUTOS = YES_AGGRESSIVE;
				GCC_WARN_UNUSED_FUNCTION = YES;
				GCC_WARN_UNUSED_VARIABLE = YES;
				IPHONEOS_DEPLOYMENT_TARGET = 13.2;
				MTL_ENABLE_DEBUG_INFO = INCLUDE_SOURCE;
				MTL_FAST_MATH = YES;
				ONLY_ACTIVE_ARCH = YES;
				SDKROOT = iphoneos;
				SWIFT_ACTIVE_COMPILATION_CONDITIONS = DEBUG;
				SWIFT_OPTIMIZATION_LEVEL = "-Onone";
			};
			name = Debug;
		};
		5C9241F423C4CD960074E54A /* Release */ = {
			isa = XCBuildConfiguration;
			buildSettings = {
				ALWAYS_SEARCH_USER_PATHS = NO;
				CLANG_ANALYZER_NONNULL = YES;
				CLANG_ANALYZER_NUMBER_OBJECT_CONVERSION = YES_AGGRESSIVE;
				CLANG_CXX_LANGUAGE_STANDARD = "gnu++14";
				CLANG_CXX_LIBRARY = "libc++";
				CLANG_ENABLE_MODULES = YES;
				CLANG_ENABLE_OBJC_ARC = YES;
				CLANG_ENABLE_OBJC_WEAK = YES;
				CLANG_WARN_BLOCK_CAPTURE_AUTORELEASING = YES;
				CLANG_WARN_BOOL_CONVERSION = YES;
				CLANG_WARN_COMMA = YES;
				CLANG_WARN_CONSTANT_CONVERSION = YES;
				CLANG_WARN_DEPRECATED_OBJC_IMPLEMENTATIONS = YES;
				CLANG_WARN_DIRECT_OBJC_ISA_USAGE = YES_ERROR;
				CLANG_WARN_DOCUMENTATION_COMMENTS = YES;
				CLANG_WARN_EMPTY_BODY = YES;
				CLANG_WARN_ENUM_CONVERSION = YES;
				CLANG_WARN_INFINITE_RECURSION = YES;
				CLANG_WARN_INT_CONVERSION = YES;
				CLANG_WARN_NON_LITERAL_NULL_CONVERSION = YES;
				CLANG_WARN_OBJC_IMPLICIT_RETAIN_SELF = YES;
				CLANG_WARN_OBJC_LITERAL_CONVERSION = YES;
				CLANG_WARN_OBJC_ROOT_CLASS = YES_ERROR;
				CLANG_WARN_RANGE_LOOP_ANALYSIS = YES;
				CLANG_WARN_STRICT_PROTOTYPES = YES;
				CLANG_WARN_SUSPICIOUS_MOVE = YES;
				CLANG_WARN_UNGUARDED_AVAILABILITY = YES_AGGRESSIVE;
				CLANG_WARN_UNREACHABLE_CODE = YES;
				CLANG_WARN__DUPLICATE_METHOD_MATCH = YES;
				COPY_PHASE_STRIP = NO;
				DEBUG_INFORMATION_FORMAT = "dwarf-with-dsym";
				ENABLE_NS_ASSERTIONS = NO;
				ENABLE_STRICT_OBJC_MSGSEND = YES;
				GCC_C_LANGUAGE_STANDARD = gnu11;
				GCC_NO_COMMON_BLOCKS = YES;
				GCC_WARN_64_TO_32_BIT_CONVERSION = YES;
				GCC_WARN_ABOUT_RETURN_TYPE = YES_ERROR;
				GCC_WARN_UNDECLARED_SELECTOR = YES;
				GCC_WARN_UNINITIALIZED_AUTOS = YES_AGGRESSIVE;
				GCC_WARN_UNUSED_FUNCTION = YES;
				GCC_WARN_UNUSED_VARIABLE = YES;
				IPHONEOS_DEPLOYMENT_TARGET = 13.2;
				MTL_ENABLE_DEBUG_INFO = NO;
				MTL_FAST_MATH = YES;
				SDKROOT = iphoneos;
				SWIFT_COMPILATION_MODE = wholemodule;
				SWIFT_OPTIMIZATION_LEVEL = "-O";
				VALIDATE_PRODUCT = YES;
			};
			name = Release;
		};
		5C9241F623C4CD960074E54A /* Debug */ = {
			isa = XCBuildConfiguration;
			baseConfigurationReference = CFD3FD0FC65D5533EE5FF87F /* Pods-hwahea.debug.xcconfig */;
			buildSettings = {
				ASSETCATALOG_COMPILER_APPICON_NAME = AppIcon;
				CODE_SIGN_STYLE = Automatic;
				DEVELOPMENT_TEAM = CNMQE42DQF;
				INFOPLIST_FILE = hwahea/Info.plist;
				IPHONEOS_DEPLOYMENT_TARGET = 11.0;
				LD_RUNPATH_SEARCH_PATHS = (
					"$(inherited)",
					"@executable_path/Frameworks",
				);
				PRODUCT_BUNDLE_IDENTIFIER = com.jinnify.hwahea;
				PRODUCT_NAME = "$(TARGET_NAME)";
				SWIFT_VERSION = 5.0;
				TARGETED_DEVICE_FAMILY = "1,2";
			};
			name = Debug;
		};
		5C9241F723C4CD960074E54A /* Release */ = {
			isa = XCBuildConfiguration;
			baseConfigurationReference = F8CCFC160EFE0C313BA32576 /* Pods-hwahea.release.xcconfig */;
			buildSettings = {
				ASSETCATALOG_COMPILER_APPICON_NAME = AppIcon;
				CODE_SIGN_STYLE = Automatic;
				DEVELOPMENT_TEAM = CNMQE42DQF;
				INFOPLIST_FILE = hwahea/Info.plist;
				IPHONEOS_DEPLOYMENT_TARGET = 11.0;
				LD_RUNPATH_SEARCH_PATHS = (
					"$(inherited)",
					"@executable_path/Frameworks",
				);
				PRODUCT_BUNDLE_IDENTIFIER = com.jinnify.hwahea;
				PRODUCT_NAME = "$(TARGET_NAME)";
				SWIFT_VERSION = 5.0;
				TARGETED_DEVICE_FAMILY = "1,2";
			};
			name = Release;
		};
		5C9241F923C4CD960074E54A /* Debug */ = {
			isa = XCBuildConfiguration;
			baseConfigurationReference = AA7C52D34201B06371E19D72 /* Pods-hwaheaTests.debug.xcconfig */;
			buildSettings = {
				ALWAYS_EMBED_SWIFT_STANDARD_LIBRARIES = YES;
				BUNDLE_LOADER = "$(TEST_HOST)";
				CODE_SIGN_STYLE = Automatic;
				DEVELOPMENT_TEAM = CNMQE42DQF;
				INFOPLIST_FILE = hwaheaTests/Info.plist;
				IPHONEOS_DEPLOYMENT_TARGET = 13.2;
				LD_RUNPATH_SEARCH_PATHS = (
					"$(inherited)",
					"@executable_path/Frameworks",
					"@loader_path/Frameworks",
				);
				PRODUCT_BUNDLE_IDENTIFIER = com.jinnify.hwaheaTests;
				PRODUCT_NAME = "$(TARGET_NAME)";
				SWIFT_VERSION = 5.0;
				TARGETED_DEVICE_FAMILY = "1,2";
				TEST_HOST = "$(BUILT_PRODUCTS_DIR)/hwahea.app/hwahea";
			};
			name = Debug;
		};
		5C9241FA23C4CD960074E54A /* Release */ = {
			isa = XCBuildConfiguration;
			baseConfigurationReference = 84A89468B25EA4027F0B98A6 /* Pods-hwaheaTests.release.xcconfig */;
			buildSettings = {
				ALWAYS_EMBED_SWIFT_STANDARD_LIBRARIES = YES;
				BUNDLE_LOADER = "$(TEST_HOST)";
				CODE_SIGN_STYLE = Automatic;
				DEVELOPMENT_TEAM = CNMQE42DQF;
				INFOPLIST_FILE = hwaheaTests/Info.plist;
				IPHONEOS_DEPLOYMENT_TARGET = 13.2;
				LD_RUNPATH_SEARCH_PATHS = (
					"$(inherited)",
					"@executable_path/Frameworks",
					"@loader_path/Frameworks",
				);
				PRODUCT_BUNDLE_IDENTIFIER = com.jinnify.hwaheaTests;
				PRODUCT_NAME = "$(TARGET_NAME)";
				SWIFT_VERSION = 5.0;
				TARGETED_DEVICE_FAMILY = "1,2";
				TEST_HOST = "$(BUILT_PRODUCTS_DIR)/hwahea.app/hwahea";
			};
			name = Release;
		};
		5C9241FC23C4CD960074E54A /* Debug */ = {
			isa = XCBuildConfiguration;
			baseConfigurationReference = FE2490A65D826BAFBA64A35C /* Pods-hwaheaUITests.debug.xcconfig */;
			buildSettings = {
				ALWAYS_EMBED_SWIFT_STANDARD_LIBRARIES = YES;
				CODE_SIGN_STYLE = Automatic;
				DEVELOPMENT_TEAM = CNMQE42DQF;
				INFOPLIST_FILE = hwaheaUITests/Info.plist;
				LD_RUNPATH_SEARCH_PATHS = (
					"$(inherited)",
					"@executable_path/Frameworks",
					"@loader_path/Frameworks",
				);
				PRODUCT_BUNDLE_IDENTIFIER = com.jinnify.hwaheaUITests;
				PRODUCT_NAME = "$(TARGET_NAME)";
				SWIFT_VERSION = 5.0;
				TARGETED_DEVICE_FAMILY = "1,2";
				TEST_TARGET_NAME = hwahea;
			};
			name = Debug;
		};
		5C9241FD23C4CD960074E54A /* Release */ = {
			isa = XCBuildConfiguration;
			baseConfigurationReference = 190E555A004F6D8F9B367A46 /* Pods-hwaheaUITests.release.xcconfig */;
			buildSettings = {
				ALWAYS_EMBED_SWIFT_STANDARD_LIBRARIES = YES;
				CODE_SIGN_STYLE = Automatic;
				DEVELOPMENT_TEAM = CNMQE42DQF;
				INFOPLIST_FILE = hwaheaUITests/Info.plist;
				LD_RUNPATH_SEARCH_PATHS = (
					"$(inherited)",
					"@executable_path/Frameworks",
					"@loader_path/Frameworks",
				);
				PRODUCT_BUNDLE_IDENTIFIER = com.jinnify.hwaheaUITests;
				PRODUCT_NAME = "$(TARGET_NAME)";
				SWIFT_VERSION = 5.0;
				TARGETED_DEVICE_FAMILY = "1,2";
				TEST_TARGET_NAME = hwahea;
			};
			name = Release;
		};
/* End XCBuildConfiguration section */

/* Begin XCConfigurationList section */
		5C9241C623C4CD940074E54A /* Build configuration list for PBXProject "hwahea" */ = {
			isa = XCConfigurationList;
			buildConfigurations = (
				5C9241F323C4CD960074E54A /* Debug */,
				5C9241F423C4CD960074E54A /* Release */,
			);
			defaultConfigurationIsVisible = 0;
			defaultConfigurationName = Release;
		};
		5C9241F523C4CD960074E54A /* Build configuration list for PBXNativeTarget "hwahea" */ = {
			isa = XCConfigurationList;
			buildConfigurations = (
				5C9241F623C4CD960074E54A /* Debug */,
				5C9241F723C4CD960074E54A /* Release */,
			);
			defaultConfigurationIsVisible = 0;
			defaultConfigurationName = Release;
		};
		5C9241F823C4CD960074E54A /* Build configuration list for PBXNativeTarget "hwaheaTests" */ = {
			isa = XCConfigurationList;
			buildConfigurations = (
				5C9241F923C4CD960074E54A /* Debug */,
				5C9241FA23C4CD960074E54A /* Release */,
			);
			defaultConfigurationIsVisible = 0;
			defaultConfigurationName = Release;
		};
		5C9241FB23C4CD960074E54A /* Build configuration list for PBXNativeTarget "hwaheaUITests" */ = {
			isa = XCConfigurationList;
			buildConfigurations = (
				5C9241FC23C4CD960074E54A /* Debug */,
				5C9241FD23C4CD960074E54A /* Release */,
			);
			defaultConfigurationIsVisible = 0;
			defaultConfigurationName = Release;
		};
/* End XCConfigurationList section */
	};
	rootObject = 5C9241C323C4CD940074E54A /* Project object */;
}
